
Microsoft Visual Studio Solution File, Format Version 12.00
# Visual Studio Version 16
VisualStudioVersion = 16.0.32228.343
MinimumVisualStudioVersion = 10.0.40219.1
Project("{FAE04EC0-301F-11D3-BF4B-00C04F79EFBC}") = "B0944116_03_01", "B0944116_03_01\B0944116_03_01.csproj", "{2B62BAA3-CFF1-420A-BA2D-8FD51D64898A}"
EndProject
Global
	GlobalSection(SolutionConfigurationPlatforms) = preSolution
		Debug|Any CPU = Debug|Any CPU
		Release|Any CPU = Release|Any CPU
	EndGlobalSection
	GlobalSection(ProjectConfigurationPlatforms) = postSolution
		{2B62BAA3-CFF1-420A-BA2D-8FD51D64898A}.Debug|Any CPU.ActiveCfg = Debug|Any CPU
		{2B62BAA3-CFF1-420A-BA2D-8FD51D64898A}.Debug|Any CPU.Build.0 = Debug|Any CPU
		{2B62BAA3-CFF1-420A-BA2D-8FD51D64898A}.Release|Any CPU.ActiveCfg = Release|Any CPU
		{2B62BAA3-CFF1-420A-BA2D-8FD51D64898A}.Release|Any CPU.Build.0 = Release|Any CPU
	EndGlobalSection
	GlobalSection(SolutionProperties) = preSolution
		HideSolutionNode = FALSE
	EndGlobalSection
	GlobalSection(ExtensibilityGlobals) = postSolution
		SolutionGuid = {BA8A37A3-9AAB-4D80-978E-A0FB87311EF3}
	EndGlobalSection
EndGlobal
