
Microsoft Visual Studio Solution File, Format Version 12.00
# Visual Studio Version 16
VisualStudioVersion = 16.0.32413.511
MinimumVisualStudioVersion = 10.0.40219.1
Project("{E24C65DC-7377-472B-9ABA-BC803B73C61A}") = "B0944125_08_03", "B0944125_08_03\", "{FF29514A-B768-491A-A657-AF178B81AEA0}"
	ProjectSection(WebsiteProperties) = preProject
		TargetFrameworkMoniker = ".NETFramework,Version%3Dv4.7.2"
		Debug.AspNetCompiler.VirtualPath = "/localhost_59170"
		Debug.AspNetCompiler.PhysicalPath = "B0944125_08_03\"
		Debug.AspNetCompiler.TargetPath = "PrecompiledWeb\localhost_59170\"
		Debug.AspNetCompiler.Updateable = "true"
		Debug.AspNetCompiler.ForceOverwrite = "true"
		Debug.AspNetCompiler.FixedNames = "false"
		Debug.AspNetCompiler.Debug = "True"
		Release.AspNetCompiler.VirtualPath = "/localhost_59170"
		Release.AspNetCompiler.PhysicalPath = "B0944125_08_03\"
		Release.AspNetCompiler.TargetPath = "PrecompiledWeb\localhost_59170\"
		Release.AspNetCompiler.Updateable = "true"
		Release.AspNetCompiler.ForceOverwrite = "true"
		Release.AspNetCompiler.FixedNames = "false"
		Release.AspNetCompiler.Debug = "False"
		VWDPort = "59170"
		SlnRelativePath = "B0944125_08_03\"
		DefaultWebSiteLanguage = "Visual C#"
	EndProjectSection
EndProject
Global
	GlobalSection(SolutionConfigurationPlatforms) = preSolution
		Debug|Any CPU = Debug|Any CPU
	EndGlobalSection
	GlobalSection(ProjectConfigurationPlatforms) = postSolution
		{FF29514A-B768-491A-A657-AF178B81AEA0}.Debug|Any CPU.ActiveCfg = Debug|Any CPU
		{FF29514A-B768-491A-A657-AF178B81AEA0}.Debug|Any CPU.Build.0 = Debug|Any CPU
	EndGlobalSection
	GlobalSection(SolutionProperties) = preSolution
		HideSolutionNode = FALSE
	EndGlobalSection
	GlobalSection(ExtensibilityGlobals) = postSolution
		SolutionGuid = {EC998989-B100-417A-A01C-9313E0B1CF3C}
	EndGlobalSection
EndGlobal
