
Microsoft Visual Studio Solution File, Format Version 12.00
# Visual Studio Version 16
VisualStudioVersion = 16.0.32228.343
MinimumVisualStudioVersion = 10.0.40219.1
Project("{FAE04EC0-301F-11D3-BF4B-00C04F79EFBC}") = "B0944116_04", "B0944116_04\B0944116_04.csproj", "{CE580EC9-4515-46CA-B1E2-E7675F22DE01}"
EndProject
Global
	GlobalSection(SolutionConfigurationPlatforms) = preSolution
		Debug|Any CPU = Debug|Any CPU
		Release|Any CPU = Release|Any CPU
	EndGlobalSection
	GlobalSection(ProjectConfigurationPlatforms) = postSolution
		{CE580EC9-4515-46CA-B1E2-E7675F22DE01}.Debug|Any CPU.ActiveCfg = Debug|Any CPU
		{CE580EC9-4515-46CA-B1E2-E7675F22DE01}.Debug|Any CPU.Build.0 = Debug|Any CPU
		{CE580EC9-4515-46CA-B1E2-E7675F22DE01}.Release|Any CPU.ActiveCfg = Release|Any CPU
		{CE580EC9-4515-46CA-B1E2-E7675F22DE01}.Release|Any CPU.Build.0 = Release|Any CPU
	EndGlobalSection
	GlobalSection(SolutionProperties) = preSolution
		HideSolutionNode = FALSE
	EndGlobalSection
	GlobalSection(ExtensibilityGlobals) = postSolution
		SolutionGuid = {259CEA62-8CE8-473A-8614-4EEB6E238326}
	EndGlobalSection
EndGlobal
