
Microsoft Visual Studio Solution File, Format Version 12.00
# Visual Studio Version 16
VisualStudioVersion = 16.0.32228.343
MinimumVisualStudioVersion = 10.0.40219.1
Project("{E24C65DC-7377-472B-9ABA-BC803B73C61A}") = "B0944149_05_1", "B0944149_05_1\", "{354DE624-DB89-486F-8162-49A8BB08FCC7}"
	ProjectSection(WebsiteProperties) = preProject
		TargetFrameworkMoniker = ".NETFramework,Version%3Dv4.7.2"
		Debug.AspNetCompiler.VirtualPath = "/localhost_9272"
		Debug.AspNetCompiler.PhysicalPath = "B0944149_05_1\"
		Debug.AspNetCompiler.TargetPath = "PrecompiledWeb\localhost_9272\"
		Debug.AspNetCompiler.Updateable = "true"
		Debug.AspNetCompiler.ForceOverwrite = "true"
		Debug.AspNetCompiler.FixedNames = "false"
		Debug.AspNetCompiler.Debug = "True"
		Release.AspNetCompiler.VirtualPath = "/localhost_9272"
		Release.AspNetCompiler.PhysicalPath = "B0944149_05_1\"
		Release.AspNetCompiler.TargetPath = "PrecompiledWeb\localhost_9272\"
		Release.AspNetCompiler.Updateable = "true"
		Release.AspNetCompiler.ForceOverwrite = "true"
		Release.AspNetCompiler.FixedNames = "false"
		Release.AspNetCompiler.Debug = "False"
		VWDPort = "9272"
		SlnRelativePath = "B0944149_05_1\"
		DefaultWebSiteLanguage = "Visual C#"
	EndProjectSection
EndProject
Global
	GlobalSection(SolutionConfigurationPlatforms) = preSolution
		Debug|Any CPU = Debug|Any CPU
	EndGlobalSection
	GlobalSection(ProjectConfigurationPlatforms) = postSolution
		{354DE624-DB89-486F-8162-49A8BB08FCC7}.Debug|Any CPU.ActiveCfg = Debug|Any CPU
		{354DE624-DB89-486F-8162-49A8BB08FCC7}.Debug|Any CPU.Build.0 = Debug|Any CPU
	EndGlobalSection
	GlobalSection(SolutionProperties) = preSolution
		HideSolutionNode = FALSE
	EndGlobalSection
	GlobalSection(ExtensibilityGlobals) = postSolution
		SolutionGuid = {58536BBF-602B-4966-BDB0-8634602205B4}
	EndGlobalSection
EndGlobal
