
Microsoft Visual Studio Solution File, Format Version 12.00
# Visual Studio Version 16
VisualStudioVersion = 16.0.32228.343
MinimumVisualStudioVersion = 10.0.40219.1
Project("{FAE04EC0-301F-11D3-BF4B-00C04F79EFBC}") = "WebApplication1", "WebApplication1\WebApplication1.csproj", "{BC77389E-135C-4DEF-ABEC-E138DE1BB5C4}"
EndProject
Global
	GlobalSection(SolutionConfigurationPlatforms) = preSolution
		Debug|Any CPU = Debug|Any CPU
		Release|Any CPU = Release|Any CPU
	EndGlobalSection
	GlobalSection(ProjectConfigurationPlatforms) = postSolution
		{BC77389E-135C-4DEF-ABEC-E138DE1BB5C4}.Debug|Any CPU.ActiveCfg = Debug|Any CPU
		{BC77389E-135C-4DEF-ABEC-E138DE1BB5C4}.Debug|Any CPU.Build.0 = Debug|Any CPU
		{BC77389E-135C-4DEF-ABEC-E138DE1BB5C4}.Release|Any CPU.ActiveCfg = Release|Any CPU
		{BC77389E-135C-4DEF-ABEC-E138DE1BB5C4}.Release|Any CPU.Build.0 = Release|Any CPU
	EndGlobalSection
	GlobalSection(SolutionProperties) = preSolution
		HideSolutionNode = FALSE
	EndGlobalSection
	GlobalSection(ExtensibilityGlobals) = postSolution
		SolutionGuid = {756BD953-4A71-48C4-AE3C-E4539D348D08}
	EndGlobalSection
EndGlobal
