
Microsoft Visual Studio Solution File, Format Version 12.00
# Visual Studio Version 16
VisualStudioVersion = 16.0.32413.511
MinimumVisualStudioVersion = 10.0.40219.1
Project("{E24C65DC-7377-472B-9ABA-BC803B73C61A}") = "B0944125_08_01", "B0944125_08_01\", "{DD87D47E-2BB2-4E19-B8D4-9ECDF907375E}"
	ProjectSection(WebsiteProperties) = preProject
		TargetFrameworkMoniker = ".NETFramework,Version%3Dv4.7.2"
		Debug.AspNetCompiler.VirtualPath = "/localhost_53367"
		Debug.AspNetCompiler.PhysicalPath = "B0944125_08_01\"
		Debug.AspNetCompiler.TargetPath = "PrecompiledWeb\localhost_53367\"
		Debug.AspNetCompiler.Updateable = "true"
		Debug.AspNetCompiler.ForceOverwrite = "true"
		Debug.AspNetCompiler.FixedNames = "false"
		Debug.AspNetCompiler.Debug = "True"
		Release.AspNetCompiler.VirtualPath = "/localhost_53367"
		Release.AspNetCompiler.PhysicalPath = "B0944125_08_01\"
		Release.AspNetCompiler.TargetPath = "PrecompiledWeb\localhost_53367\"
		Release.AspNetCompiler.Updateable = "true"
		Release.AspNetCompiler.ForceOverwrite = "true"
		Release.AspNetCompiler.FixedNames = "false"
		Release.AspNetCompiler.Debug = "False"
		VWDPort = "53367"
		SlnRelativePath = "B0944125_08_01\"
		DefaultWebSiteLanguage = "Visual C#"
	EndProjectSection
EndProject
Global
	GlobalSection(SolutionConfigurationPlatforms) = preSolution
		Debug|Any CPU = Debug|Any CPU
	EndGlobalSection
	GlobalSection(ProjectConfigurationPlatforms) = postSolution
		{DD87D47E-2BB2-4E19-B8D4-9ECDF907375E}.Debug|Any CPU.ActiveCfg = Debug|Any CPU
		{DD87D47E-2BB2-4E19-B8D4-9ECDF907375E}.Debug|Any CPU.Build.0 = Debug|Any CPU
	EndGlobalSection
	GlobalSection(SolutionProperties) = preSolution
		HideSolutionNode = FALSE
	EndGlobalSection
	GlobalSection(ExtensibilityGlobals) = postSolution
		SolutionGuid = {E66E8BF7-13F5-4C9E-85D6-9AEBD0DED89B}
	EndGlobalSection
EndGlobal
