
Microsoft Visual Studio Solution File, Format Version 12.00
# Visual Studio Version 16
VisualStudioVersion = 16.0.32228.343
MinimumVisualStudioVersion = 10.0.40219.1
Project("{FAE04EC0-301F-11D3-BF4B-00C04F79EFBC}") = "WebApplication1", "WebApplication1\WebApplication1.csproj", "{3A7A7BFE-BA1F-4BE5-9D25-B51D061E7FB8}"
EndProject
Global
	GlobalSection(SolutionConfigurationPlatforms) = preSolution
		Debug|Any CPU = Debug|Any CPU
		Release|Any CPU = Release|Any CPU
	EndGlobalSection
	GlobalSection(ProjectConfigurationPlatforms) = postSolution
		{3A7A7BFE-BA1F-4BE5-9D25-B51D061E7FB8}.Debug|Any CPU.ActiveCfg = Debug|Any CPU
		{3A7A7BFE-BA1F-4BE5-9D25-B51D061E7FB8}.Debug|Any CPU.Build.0 = Debug|Any CPU
		{3A7A7BFE-BA1F-4BE5-9D25-B51D061E7FB8}.Release|Any CPU.ActiveCfg = Release|Any CPU
		{3A7A7BFE-BA1F-4BE5-9D25-B51D061E7FB8}.Release|Any CPU.Build.0 = Release|Any CPU
	EndGlobalSection
	GlobalSection(SolutionProperties) = preSolution
		HideSolutionNode = FALSE
	EndGlobalSection
	GlobalSection(ExtensibilityGlobals) = postSolution
		SolutionGuid = {01EC2E9B-06DE-4891-8ED7-8AB4EE4B3DF2}
	EndGlobalSection
EndGlobal
